{
  "version": 4,
  "terraform_version": "1.9.4",
  "serial": 1,
  "lineage": "e6102d25-67e7-0a83-8ca0-9380271dee28",
  "outputs": {},
  "resources": [
    {
      "mode": "managed",
      "type": "aws_vpc",
      "name": "main",
      "provider": "provider[\"registry.terraform.io/hashicorp/aws\"]",
      "instances": [
        {
          "schema_version": 1,
          "attributes": {
            "arn": "arn:aws:ec2:us-east-1:443370679452:vpc/vpc-0e817c6632b7384ce",
            "assign_generated_ipv6_cidr_block": false,
            "cidr_block": "10.0.0.0/16",
            "default_network_acl_id": "acl-05231a2972baaa509",
            "default_route_table_id": "rtb-0a7791ab93c900561",
            "default_security_group_id": "sg-02589a063b9dfdd02",
            "dhcp_options_id": "dopt-08dce233861c9506d",
            "enable_dns_hostnames": false,
            "enable_dns_support": true,
            "enable_network_address_usage_metrics": false,
            "id": "vpc-0e817c6632b7384ce",
            "instance_tenancy": "default",
            "ipv4_ipam_pool_id": null,
            "ipv4_netmask_length": null,
            "ipv6_association_id": "",
            "ipv6_cidr_block": "",
            "ipv6_cidr_block_network_border_group": "",
            "ipv6_ipam_pool_id": "",
            "ipv6_netmask_length": 0,
            "main_route_table_id": "rtb-0a7791ab93c900561",
            "owner_id": "443370679452",
            "tags": {
              "Name": "catbird-vpc"
            },
            "tags_all": {
              "Name": "catbird-vpc"
            }
          },
          "sensitive_attributes": [],
          "private": "eyJzY2hlbWFfdmVyc2lvbiI6IjEifQ=="
        }
      ]
    }
  ],
  "check_results": null
}
